dependencies:
- name: postgresql
  repository: https://charts.bitnami.com/bitnami
  version: 16.7.27
- name: postgresql
  repository: https://charts.bitnami.com/bitnami
  version: 16.7.27
- name: postgresql
  repository: https://charts.bitnami.com/bitnami
  version: 16.7.27
- name: postgresql
  repository: https://charts.bitnami.com/bitnami
  version: 16.7.27
- name: kube-prometheus-stack
  repository: https://prometheus-community.github.io/helm-charts
  version: 56.21.0
digest: sha256:c39a47921a4bc1835e3ab4071224c4e541579020bb6106e333c203102101ab09
generated: "2026-06-12T23:33:39.741137248+03:00"
