dependencies:
- name: postgresql
  repository: https://charts.bitnami.com/bitnami
  version: 16.7.27
- name: postgresql
  repository: https://charts.bitnami.com/bitnami
  version: 16.7.27
- name: postgresql
  repository: https://charts.bitnami.com/bitnami
  version: 16.7.27
- name: postgresql
  repository: https://charts.bitnami.com/bitnami
  version: 16.7.27
digest: sha256:2b9a399ffed824d9ef14fd570fa0d7eb8681ce49895ec9c8c0450288ba878ceb
generated: "2026-05-16T20:27:38.245343324+03:00"
