dependencies:
- name: postgresql
  repository: https://charts.bitnami.com/bitnami
  version: 16.7.27
- name: postgresql
  repository: https://charts.bitnami.com/bitnami
  version: 16.7.27
- name: postgresql
  repository: https://charts.bitnami.com/bitnami
  version: 16.7.27
- name: postgresql
  repository: https://charts.bitnami.com/bitnami
  version: 16.7.27
- name: kube-prometheus-stack
  repository: https://prometheus-community.github.io/helm-charts
  version: 56.21.0
digest: sha256:510c5cd935c529fe30c2e2d33d7169611a9cf024c04f3bdfbf232dcf4ebabec6
generated: "2026-07-26T12:49:03.340703592+03:00"
